{
  "name": "brilliance-scripts",
  "version": "1.0.0",
  "lockfileVersion": 3,
  "requires": true,
  "packages": {
    "": {
      "name": "brilliance-scripts",
      "version": "1.0.0",
      "dependencies": {
        "nbtify": "^2.2.0"
      }
    },
    "node_modules/mutf-8": {
      "version": "1.1.5",
      "resolved": "https://registry.npmjs.org/mutf-8/-/mutf-8-1.1.5.tgz",
      "integrity": "sha512-6bQ8G1YaJEq8bWTv8O605A2BaDv4QaV8zU7yiktrZK6LOVjcmdsMnwrRDGyyXKzm59jaCJz8aOclT0L/lEH74A==",
      "license": "MIT"
    },
    "node_modules/nbtify": {
      "version": "2.2.0",
      "resolved": "https://registry.npmjs.org/nbtify/-/nbtify-2.2.0.tgz",
      "integrity": "sha512-xlMI29ZAB4ZCBJRnoa+L8al8uKMTLSwrcx13LbdhFLc3KwJb0sWS4/OcKEN2UcjQOVNyk+CqDWfYvPLOo8of/g==",
      "license": "MIT",
      "dependencies": {
        "mutf-8": "^1.1.4"
      },
      "bin": {
        "nbtify": "dist/bin/index.js"
      }
    }
  }
}
